
Microsoft Visual Studio Solution File, Format Version 12.00
# Visual Studio Version 17
VisualStudioVersion = 17.4.33110.190
MinimumVisualStudioVersion = 10.0.40219.1
Project("{9A19103F-16F7-4668-BE54-9A1E7A4F7556}") = "supermarket.api", "supermarket-api\supermarket.api.csproj", "{9A25A4B1-B006-4BF0-8AB1-01BC91184BF7}"
EndProject
Project("{9A19103F-16F7-4668-BE54-9A1E7A4F7556}") = "supermarket.view", "Supermarket.View\supermarket.view.csproj", "{34D03321-32E9-4CE1-9F85-0D5BCCD1E6F6}"
EndProject
Project("{9A19103F-16F7-4668-BE54-9A1E7A4F7556}") = "supermarket.model", "supermarket.model\supermarket.model.csproj", "{B276892E-4306-45A9-89ED-E866BC0C6E57}"
EndProject
Project("{9A19103F-16F7-4668-BE54-9A1E7A4F7556}") = "supermarket.data", "supermarket.data\supermarket.data.csproj", "{77547C0F-4001-48CA-96C2-DE8C033FB4D0}"
EndProject
Project("{FAE04EC0-301F-11D3-BF4B-00C04F79EFBC}") = "supermarket.application", "supermarket.application\supermarket.application.csproj", "{E7E464E1-EF41-419A-9CA0-0490EAB78028}"
EndProject
Global
	GlobalSection(SolutionConfigurationPlatforms) = preSolution
		Debug|Any CPU = Debug|Any CPU
		Release|Any CPU = Release|Any CPU
	EndGlobalSection
	GlobalSection(ProjectConfigurationPlatforms) = postSolution
		{9A25A4B1-B006-4BF0-8AB1-01BC91184BF7}.Debug|Any CPU.ActiveCfg = Debug|Any CPU
		{9A25A4B1-B006-4BF0-8AB1-01BC91184BF7}.Debug|Any CPU.Build.0 = Debug|Any CPU
		{9A25A4B1-B006-4BF0-8AB1-01BC91184BF7}.Release|Any CPU.ActiveCfg = Release|Any CPU
		{9A25A4B1-B006-4BF0-8AB1-01BC91184BF7}.Release|Any CPU.Build.0 = Release|Any CPU
		{34D03321-32E9-4CE1-9F85-0D5BCCD1E6F6}.Debug|Any CPU.ActiveCfg = Debug|Any CPU
		{34D03321-32E9-4CE1-9F85-0D5BCCD1E6F6}.Debug|Any CPU.Build.0 = Debug|Any CPU
		{34D03321-32E9-4CE1-9F85-0D5BCCD1E6F6}.Release|Any CPU.ActiveCfg = Release|Any CPU
		{34D03321-32E9-4CE1-9F85-0D5BCCD1E6F6}.Release|Any CPU.Build.0 = Release|Any CPU
		{B276892E-4306-45A9-89ED-E866BC0C6E57}.Debug|Any CPU.ActiveCfg = Debug|Any CPU
		{B276892E-4306-45A9-89ED-E866BC0C6E57}.Debug|Any CPU.Build.0 = Debug|Any CPU
		{B276892E-4306-45A9-89ED-E866BC0C6E57}.Release|Any CPU.ActiveCfg = Release|Any CPU
		{B276892E-4306-45A9-89ED-E866BC0C6E57}.Release|Any CPU.Build.0 = Release|Any CPU
		{77547C0F-4001-48CA-96C2-DE8C033FB4D0}.Debug|Any CPU.ActiveCfg = Debug|Any CPU
		{77547C0F-4001-48CA-96C2-DE8C033FB4D0}.Debug|Any CPU.Build.0 = Debug|Any CPU
		{77547C0F-4001-48CA-96C2-DE8C033FB4D0}.Release|Any CPU.ActiveCfg = Release|Any CPU
		{77547C0F-4001-48CA-96C2-DE8C033FB4D0}.Release|Any CPU.Build.0 = Release|Any CPU
		{E7E464E1-EF41-419A-9CA0-0490EAB78028}.Debug|Any CPU.ActiveCfg = Debug|Any CPU
		{E7E464E1-EF41-419A-9CA0-0490EAB78028}.Debug|Any CPU.Build.0 = Debug|Any CPU
		{E7E464E1-EF41-419A-9CA0-0490EAB78028}.Release|Any CPU.ActiveCfg = Release|Any CPU
		{E7E464E1-EF41-419A-9CA0-0490EAB78028}.Release|Any CPU.Build.0 = Release|Any CPU
	EndGlobalSection
	GlobalSection(SolutionProperties) = preSolution
		HideSolutionNode = FALSE
	EndGlobalSection
	GlobalSection(ExtensibilityGlobals) = postSolution
		SolutionGuid = {C0BCC082-D5FA-4B54-9F21-47C30D21CC1E}
	EndGlobalSection
EndGlobal
